[[package]]
name = "appdirs"
version = "1.4.4"
description = "A small Python module for determining appropriate platform-specific dirs, e.g. a \"user data dir\"."
category = "dev"
optional = false
python-versions = "*"

[[package]]
name = "asgiref"
version = "3.2.10"
description = "ASGI specs, helper code, and adapters"
category = "main"
optional = false
python-versions = ">=3.5"

[package.extras]
tests = ["pytest", "pytest-asyncio"]

[[package]]
name = "atomicwrites"
version = "1.4.0"
description = "Atomic file writes."
category = "dev"
optional = false
python-versions = ">=2.7, !=3.0.*, !=3.1.*, !=3.2.*, !=3.3.*"
marker = "sys_platform == \"win32\""

[[package]]
name = "attrs"
version = "20.2.0"
description = "Classes Without Boilerplate"
category = "dev"
optional = false
python-versions = ">=2.7, !=3.0.*, !=3.1.*, !=3.2.*, !=3.3.*"

[package.extras]
dev = ["coverage (>=5.0.2)", "hypothesis", "pympler", "pytest (>=4.3.0)", "six", "zope.interface", "sphinx", "sphinx-rtd-theme", "pre-commit"]
docs = ["sphinx", "sphinx-rtd-theme", "zope.interface"]
tests = ["coverage (>=5.0.2)", "hypothesis", "pympler", "pytest (>=4.3.0)", "six", "zope.interface"]
tests_no_zope = ["coverage (>=5.0.2)", "hypothesis", "pympler", "pytest (>=4.3.0)", "six"]

[[package]]
name = "beautifulsoup4"
version = "4.9.1"
description = "Screen-scraping library"
category = "main"
optional = false
python-versions = "*"

[package.extras]
html5lib = ["html5lib"]
lxml = ["lxml"]

[package.dependencies]
soupsieve = [">1.2", "<2.0"]

[[package]]
name = "black"
version = "20.8b1"
description = "The uncompromising code formatter."
category = "dev"
optional = false
python-versions = ">=3.6"

[package.extras]
colorama = ["colorama (>=0.4.3)"]
d = ["aiohttp (>=3.3.2)", "aiohttp-cors"]

[package.dependencies]
appdirs = "*"
click = ">=7.1.2"
mypy-extensions = ">=0.4.3"
pathspec = ">=0.6,<1"
regex = ">=2020.1.8"
toml = ">=0.10.1"
typed-ast = ">=1.4.0"
typing-extensions = ">=3.7.4"

[[package]]
name = "bleach"
version = "3.2.1"
description = "An easy safelist-based HTML-sanitizing tool."
category = "main"
optional = false
python-versions = ">=2.7, !=3.0.*, !=3.1.*, !=3.2.*, !=3.3.*, !=3.4.*"

[package.dependencies]
packaging = "*"
six = ">=1.9.0"
webencodings = "*"

[[package]]
name = "cfgv"
version = "3.2.0"
description = "Validate configuration and produce human readable error messages."
category = "dev"
optional = false
python-versions = ">=3.6.1"

[[package]]
name = "click"
version = "7.1.2"
description = "Composable command line interface toolkit"
category = "dev"
optional = false
python-versions = ">=2.7, !=3.0.*, !=3.1.*, !=3.2.*, !=3.3.*, !=3.4.*"

[[package]]
name = "colorama"
version = "0.4.3"
description = "Cross-platform colored terminal text."
category = "dev"
optional = false
python-versions = ">=2.7, !=3.0.*, !=3.1.*, !=3.2.*, !=3.3.*, !=3.4.*"
marker = "sys_platform == \"win32\""

[[package]]
name = "distlib"
version = "0.3.1"
description = "Distribution utilities"
category = "dev"
optional = false
python-versions = "*"

[[package]]
name = "django"
version = "3.1.1"
description = "A high-level Python Web framework that encourages rapid development and clean, pragmatic design."
category = "main"
optional = false
python-versions = ">=3.6"

[package.extras]
argon2 = ["argon2-cffi (>=16.1.0)"]
bcrypt = ["bcrypt"]

[package.dependencies]
asgiref = ">=3.2.10,<3.3.0"
pytz = "*"
sqlparse = ">=0.2.2"

[[package]]
name = "django-appconf"
version = "1.0.4"
description = "A helper class for handling configuration defaults of packaged apps gracefully."
category = "main"
optional = false
python-versions = "*"

[package.dependencies]
django = "*"

[[package]]
name = "django-bootstrap4"
version = "2.2.0"
description = "Bootstrap support for Django projects"
category = "main"
optional = false
python-versions = ">=3.6,<4.0"

[package.extras]
docs = ["sphinx (>=2.4,<3.0)", "sphinx_rtd_theme (>=0.4.3,<0.5.0)", "m2r (>=0.2.1,<0.3.0)"]

[package.dependencies]
beautifulsoup4 = ">=4.8.0,<5.0.0"
django = ">=2.2,<4.0"

[[package]]
name = "django-csp"
version = "3.7"
description = "Django Content Security Policy support."
category = "main"
optional = false
python-versions = "*"

[package.extras]
jinja2 = ["jinja2 (>=2.9.6)"]
tests = ["pytest (<4.0)", "pytest-django", "pytest-flakes (1.0.1)", "pytest-pep8 (1.0.6)", "pep8 (1.4.6)", "mock (1.0.1)", "six (1.12.0)", "jinja2 (>=2.9.6)"]

[package.dependencies]
Django = ">=1.8"

[[package]]
name = "django-debug-toolbar"
version = "3.1"
description = "A configurable set of panels that display various debug information about the current request/response."
category = "dev"
optional = false
python-versions = ">=3.5"

[package.dependencies]
Django = ">=2.2"
sqlparse = ">=0.2.0"

[[package]]
name = "django-environ"
version = "0.4.5"
description = "Django-environ allows you to utilize 12factor inspired environment variables to configure your Django application."
category = "main"
optional = false
python-versions = "*"

[[package]]
name = "django-extensions"
version = "3.0.9"
description = "Extensions for Django"
category = "dev"
optional = false
python-versions = ">=3.5"

[[package]]
name = "django-formset-js-improved"
version = "0.5.0.2"
description = "Extend Django formsets with JavaScript"
category = "main"
optional = false
python-versions = "*"

[package.dependencies]
Django = "*"
django-jquery-js = "*"

[[package]]
name = "django-guardian"
version = "2.3.0"
description = "Implementation of per object permissions for Django."
category = "main"
optional = false
python-versions = ">=3.5"

[package.dependencies]
Django = ">=2.2"

[[package]]
name = "django-ical"
version = "1.7.1"
description = "iCal feeds for Django based on Django's syndication feed framework."
category = "main"
optional = false
python-versions = "*"

[package.dependencies]
Django = ">=1.11"
django-recurrence = ">=1.10.0"
icalendar = ">=4.0.3"

[[package]]
name = "django-jquery-js"
version = "3.1.1"
description = "jQuery, bundled up so apps can depend upon it"
category = "main"
optional = false
python-versions = "*"

[package.dependencies]
Django = ">=1.4"

[[package]]
name = "django-polymorphic"
version = "3.0.0"
description = "Seamless polymorphic inheritance for Django models"
category = "main"
optional = false
python-versions = "*"

[package.dependencies]
Django = ">=2.1"

[[package]]
name = "django-recurrence"
version = "1.10.3"
description = "Django utility wrapping dateutil.rrule"
category = "main"
optional = false
python-versions = "*"

[package.dependencies]
Django = "*"
python-dateutil = "*"
pytz = "*"

[[package]]
name = "django-select2"
version = "7.4.2"
description = "Select2 option fields for Django"
category = "main"
optional = false
python-versions = "*"

[package.extras]
test = ["pytest", "pytest-cov", "pytest-django", "selenium"]

[package.dependencies]
django = ">=2.2"
django-appconf = ">=0.6.0"

[[package]]
name = "django-webtest"
version = "1.9.7"
description = "Instant integration of Ian Bicking's WebTest (http://docs.pylonsproject.org/projects/webtest/) with django's testing framework."
category = "dev"
optional = false
python-versions = "*"

[package.dependencies]
webtest = ">=1.3.3"

[[package]]
name = "filelock"
version = "3.0.12"
description = "A platform independent file lock."
category = "dev"
optional = false
python-versions = "*"

[[package]]
name = "icalendar"
version = "4.0.7"
description = "iCalendar parser/generator"
category = "main"
optional = false
python-versions = ">=2.7, !=3.0.*, !=3.1.*, !=3.2.*, !=3.3.*"

[package.dependencies]
python-dateutil = "*"
pytz = "*"

[[package]]
name = "identify"
version = "1.5.4"
description = "File identification library for Python"
category = "dev"
optional = false
python-versions = "!=3.0.*,!=3.1.*,!=3.2.*,!=3.3.*,>=2.7"

[package.extras]
license = ["editdistance"]

[[package]]
name = "iniconfig"
version = "1.0.1"
description = "iniconfig: brain-dead simple config-ini parsing"
category = "dev"
optional = false
python-versions = "*"

[[package]]
name = "markdown"
version = "3.2.2"
description = "Python implementation of Markdown."
category = "main"
optional = false
python-versions = ">=3.5"

[package.extras]
testing = ["coverage", "pyyaml"]

[[package]]
name = "more-itertools"
version = "8.5.0"
description = "More routines for operating on iterables, beyond itertools"
category = "dev"
optional = false
python-versions = ">=3.5"

[[package]]
name = "mypy-extensions"
version = "0.4.3"
description = "Experimental type system extensions for programs checked with the mypy typechecker."
category = "dev"
optional = false
python-versions = "*"

[[package]]
name = "nodeenv"
version = "1.5.0"
description = "Node.js virtual environment builder"
category = "dev"
optional = false
python-versions = "*"

[[package]]
name = "packaging"
version = "20.4"
description = "Core utilities for Python packages"
category = "main"
optional = false
python-versions = ">=2.7, !=3.0.*, !=3.1.*, !=3.2.*, !=3.3.*"

[package.dependencies]
pyparsing = ">=2.0.2"
six = "*"

[[package]]
name = "pathspec"
version = "0.8.0"
description = "Utility library for gitignore style pattern matching of file paths."
category = "dev"
optional = false
python-versions = ">=2.7, !=3.0.*, !=3.1.*, !=3.2.*, !=3.3.*, !=3.4.*"

[[package]]
name = "pillow"
version = "7.2.0"
description = "Python Imaging Library (Fork)"
category = "main"
optional = false
python-versions = ">=3.5"

[[package]]
name = "pluggy"
version = "0.13.1"
description = "plugin and hook calling mechanisms for python"
category = "dev"
optional = false
python-versions = ">=2.7, !=3.0.*, !=3.1.*, !=3.2.*, !=3.3.*"

[package.extras]
dev = ["pre-commit", "tox"]

[[package]]
name = "pre-commit"
version = "2.7.1"
description = "A framework for managing and maintaining multi-language pre-commit hooks."
category = "dev"
optional = false
python-versions = ">=3.6.1"

[package.dependencies]
cfgv = ">=2.0.0"
identify = ">=1.0.0"
nodeenv = ">=0.11.1"
pyyaml = ">=5.1"
toml = "*"
virtualenv = ">=20.0.8"

[[package]]
name = "py"
version = "1.9.0"
description = "library with cross-python path, ini-parsing, io, code, log facilities"
category = "dev"
optional = false
python-versions = ">=2.7, !=3.0.*, !=3.1.*, !=3.2.*, !=3.3.*"

[[package]]
name = "pyparsing"
version = "2.4.7"
description = "Python parsing module"
category = "main"
optional = false
python-versions = ">=2.6, !=3.0.*, !=3.1.*, !=3.2.*"

[[package]]
name = "pytest"
version = "6.0.2"
description = "pytest: simple powerful testing with Python"
category = "dev"
optional = false
python-versions = ">=3.5"

[package.extras]
checkqa_mypy = ["mypy (0.780)"]
testing = ["argcomplete", "hypothesis (>=3.56)", "mock", "nose", "requests", "xmlschema"]

[package.dependencies]
atomicwrites = ">=1.0"
attrs = ">=17.4.0"
colorama = "*"
iniconfig = "*"
more-itertools = ">=4.0.0"
packaging = "*"
pluggy = ">=0.12,<1.0"
py = ">=1.8.2"
toml = "*"

[[package]]
name = "pytest-django"
version = "3.10.0"
description = "A Django plugin for pytest."
category = "dev"
optional = false
python-versions = ">=2.7, !=3.0.*, !=3.1.*, !=3.2.*, !=3.3.*"

[package.extras]
docs = ["sphinx", "sphinx-rtd-theme"]
testing = ["django", "django-configurations (>=2.0)", "six"]

[package.dependencies]
pytest = ">=3.6"

[[package]]
name = "python-dateutil"
version = "2.8.1"
description = "Extensions to the standard Python datetime module"
category = "main"
optional = false
python-versions = "!=3.0.*,!=3.1.*,!=3.2.*,>=2.7"

[package.dependencies]
six = ">=1.5"

[[package]]
name = "pytz"
version = "2020.1"
description = "World timezone definitions, modern and historical"
category = "main"
optional = false
python-versions = "*"

[[package]]
name = "pyyaml"
version = "5.3.1"
description = "YAML parser and emitter for Python"
category = "dev"
optional = false
python-versions = ">=2.7, !=3.0.*, !=3.1.*, !=3.2.*, !=3.3.*, !=3.4.*"

[[package]]
name = "regex"
version = "2020.7.14"
description = "Alternative regular expression module, to replace re."
category = "dev"
optional = false
python-versions = "*"

[[package]]
name = "reportlab"
version = "3.5.50"
description = "The Reportlab Toolkit"
category = "main"
optional = false
python-versions = "*"

[package.dependencies]
pillow = ">=4.0.0"

[[package]]
name = "six"
version = "1.15.0"
description = "Python 2 and 3 compatibility utilities"
category = "main"
optional = false
python-versions = ">=2.7, !=3.0.*, !=3.1.*, !=3.2.*"

[[package]]
name = "soupsieve"
version = "1.9.6"
description = "A modern CSS selector implementation for Beautiful Soup."
category = "main"
optional = false
python-versions = "*"

[[package]]
name = "sqlparse"
version = "0.3.1"
description = "Non-validating SQL parser"
category = "main"
optional = false
python-versions = ">=2.7, !=3.0.*, !=3.1.*, !=3.2.*, !=3.3.*"

[[package]]
name = "toml"
version = "0.10.1"
description = "Python Library for Tom's Obvious, Minimal Language"
category = "dev"
optional = false
python-versions = "*"

[[package]]
name = "typed-ast"
version = "1.4.1"
description = "a fork of Python 2 and 3 ast modules with type comment support"
category = "dev"
optional = false
python-versions = "*"

[[package]]
name = "typing-extensions"
version = "3.7.4.3"
description = "Backported and Experimental Type Hints for Python 3.5+"
category = "dev"
optional = false
python-versions = "*"

[[package]]
name = "virtualenv"
version = "20.0.31"
description = "Virtual Python Environment builder"
category = "dev"
optional = false
python-versions = "!=3.0.*,!=3.1.*,!=3.2.*,!=3.3.*,>=2.7"

[package.extras]
docs = ["proselint (>=0.10.2)", "sphinx (>=3)", "sphinx-argparse (>=0.2.5)", "sphinx-rtd-theme (>=0.4.3)", "towncrier (>=19.9.0rc1)"]
testing = ["coverage (>=5)", "coverage-enable-subprocess (>=1)", "flaky (>=3)", "pytest (>=4)", "pytest-env (>=0.6.2)", "pytest-freezegun (>=0.4.1)", "pytest-mock (>=2)", "pytest-randomly (>=1)", "pytest-timeout (>=1)", "pytest-xdist (>=1.31.0)", "packaging (>=20.0)", "xonsh (>=0.9.16)"]

[package.dependencies]
appdirs = ">=1.4.3,<2"
distlib = ">=0.3.1,<1"
filelock = ">=3.0.0,<4"
six = ">=1.9.0,<2"

[[package]]
name = "waitress"
version = "1.4.4"
description = "Waitress WSGI server"
category = "dev"
optional = false
python-versions = "!=3.0.*,!=3.1.*,!=3.2.*,!=3.3.*,!=3.4.*,>=2.7"

[package.extras]
docs = ["Sphinx (>=1.8.1)", "docutils", "pylons-sphinx-themes (>=1.0.9)"]
testing = ["pytest", "pytest-cover", "coverage (>=5.0)"]

[[package]]
name = "webencodings"
version = "0.5.1"
description = "Character encoding aliases for legacy web content"
category = "main"
optional = false
python-versions = "*"

[[package]]
name = "webob"
version = "1.8.6"
description = "WSGI request and response object"
category = "dev"
optional = false
python-versions = ">=2.7,!=3.0.*,!=3.1.*,!=3.2.*"

[package.extras]
docs = ["Sphinx (>=1.7.5)", "pylons-sphinx-themes"]
testing = ["pytest (>=3.1.0)", "coverage", "pytest-cov", "pytest-xdist"]

[[package]]
name = "webtest"
version = "2.0.35"
description = "Helper to test WSGI applications"
category = "dev"
optional = false
python-versions = "*"

[package.extras]
docs = ["Sphinx (>=1.8.1)", "docutils", "pylons-sphinx-themes (>=1.0.8)"]
tests = ["nose (<1.3.0)", "coverage", "mock", "pastedeploy", "wsgiproxy2", "pyquery"]

[package.dependencies]
beautifulsoup4 = "*"
six = "*"
waitress = ">=0.8.5"
WebOb = ">=1.2"

[metadata]
lock-version = "1.0"
python-versions = "^3.8"
content-hash = "fa6b7f9dba608d7d7066c9e380d457fa297dc58f939a9fa5d75501b07f68d699"

[metadata.files]
appdirs = [
    {file = "appdirs-1.4.4-py2.py3-none-any.whl", hash = "sha256:a841dacd6b99318a741b166adb07e19ee71a274450e68237b4650ca1055ab128"},
    {file = "appdirs-1.4.4.tar.gz", hash = "sha256:7d5d0167b2b1ba821647616af46a749d1c653740dd0d2415100fe26e27afdf41"},
]
asgiref = [
    {file = "asgiref-3.2.10-py3-none-any.whl", hash = "sha256:9fc6fb5d39b8af147ba40765234fa822b39818b12cc80b35ad9b0cef3a476aed"},
    {file = "asgiref-3.2.10.tar.gz", hash = "sha256:7e51911ee147dd685c3c8b805c0ad0cb58d360987b56953878f8c06d2d1c6f1a"},
]
atomicwrites = [
    {file = "atomicwrites-1.4.0-py2.py3-none-any.whl", hash = "sha256:6d1784dea7c0c8d4a5172b6c620f40b6e4cbfdf96d783691f2e1302a7b88e197"},
    {file = "atomicwrites-1.4.0.tar.gz", hash = "sha256:ae70396ad1a434f9c7046fd2dd196fc04b12f9e91ffb859164193be8b6168a7a"},
]
attrs = [
    {file = "attrs-20.2.0-py2.py3-none-any.whl", hash = "sha256:fce7fc47dfc976152e82d53ff92fa0407700c21acd20886a13777a0d20e655dc"},
    {file = "attrs-20.2.0.tar.gz", hash = "sha256:26b54ddbbb9ee1d34d5d3668dd37d6cf74990ab23c828c2888dccdceee395594"},
]
beautifulsoup4 = [
    {file = "beautifulsoup4-4.9.1-py2-none-any.whl", hash = "sha256:e718f2342e2e099b640a34ab782407b7b676f47ee272d6739e60b8ea23829f2c"},
    {file = "beautifulsoup4-4.9.1-py3-none-any.whl", hash = "sha256:a6237df3c32ccfaee4fd201c8f5f9d9df619b93121d01353a64a73ce8c6ef9a8"},
    {file = "beautifulsoup4-4.9.1.tar.gz", hash = "sha256:73cc4d115b96f79c7d77c1c7f7a0a8d4c57860d1041df407dd1aae7f07a77fd7"},
]
black = [
    {file = "black-20.8b1.tar.gz", hash = "sha256:1c02557aa099101b9d21496f8a914e9ed2222ef70336404eeeac8edba836fbea"},
]
bleach = [
    {file = "bleach-3.2.1-py2.py3-none-any.whl", hash = "sha256:9f8ccbeb6183c6e6cddea37592dfb0167485c1e3b13b3363bc325aa8bda3adbd"},
    {file = "bleach-3.2.1.tar.gz", hash = "sha256:52b5919b81842b1854196eaae5ca29679a2f2e378905c346d3ca8227c2c66080"},
]
cfgv = [
    {file = "cfgv-3.2.0-py2.py3-none-any.whl", hash = "sha256:32e43d604bbe7896fe7c248a9c2276447dbef840feb28fe20494f62af110211d"},
    {file = "cfgv-3.2.0.tar.gz", hash = "sha256:cf22deb93d4bcf92f345a5c3cd39d3d41d6340adc60c78bbbd6588c384fda6a1"},
]
click = [
    {file = "click-7.1.2-py2.py3-none-any.whl", hash = "sha256:dacca89f4bfadd5de3d7489b7c8a566eee0d3676333fbb50030263894c38c0dc"},
    {file = "click-7.1.2.tar.gz", hash = "sha256:d2b5255c7c6349bc1bd1e59e08cd12acbbd63ce649f2588755783aa94dfb6b1a"},
]
colorama = [
    {file = "colorama-0.4.3-py2.py3-none-any.whl", hash = "sha256:7d73d2a99753107a36ac6b455ee49046802e59d9d076ef8e47b61499fa29afff"},
    {file = "colorama-0.4.3.tar.gz", hash = "sha256:e96da0d330793e2cb9485e9ddfd918d456036c7149416295932478192f4436a1"},
]
distlib = [
    {file = "distlib-0.3.1-py2.py3-none-any.whl", hash = "sha256:8c09de2c67b3e7deef7184574fc060ab8a793e7adbb183d942c389c8b13c52fb"},
    {file = "distlib-0.3.1.zip", hash = "sha256:edf6116872c863e1aa9d5bb7cb5e05a022c519a4594dc703843343a9ddd9bff1"},
]
django = [
    {file = "Django-3.1.1-py3-none-any.whl", hash = "sha256:b5fbb818e751f660fa2d576d9f40c34a4c615c8b48dd383f5216e609f383371f"},
    {file = "Django-3.1.1.tar.gz", hash = "sha256:59c8125ca873ed3bdae9c12b146fbbd6ed8d0f743e4cf5f5817af50c51f1fc2f"},
]
django-appconf = [
    {file = "django-appconf-1.0.4.tar.gz", hash = "sha256:be58deb54a43d77d2e1621fe59f787681376d3cd0b8bd8e4758ef6c3a6453380"},
    {file = "django_appconf-1.0.4-py2.py3-none-any.whl", hash = "sha256:1b1d0e1069c843ebe8ae5aa48ec52403b1440402b320c3e3a206a0907e97bb06"},
]
django-bootstrap4 = [
    {file = "django-bootstrap4-2.2.0.tar.gz", hash = "sha256:1c0a931b4245a0dcd5051ea1b244ac130a328374ce8e85254c75eb072a737201"},
    {file = "django_bootstrap4-2.2.0-py3-none-any.whl", hash = "sha256:32cc0f914ace4cef935c0d3f786dde2a52f0ea1be72153f6e356c0aa8f3925e1"},
]
django-csp = [
    {file = "django_csp-3.7-py2.py3-none-any.whl", hash = "sha256:01443a07723f9a479d498bd7bb63571aaa771e690f64bde515db6cdb76e8041a"},
    {file = "django_csp-3.7.tar.gz", hash = "sha256:01eda02ad3f10261c74131cdc0b5a6a62b7c7ad4fd017fbefb7a14776e0a9727"},
]
django-debug-toolbar = [
    {file = "django-debug-toolbar-3.1.tar.gz", hash = "sha256:20d94839b81d8d97194a911fc248d78e9df9ed953016e575dc6bd4c717b99e6e"},
    {file = "django_debug_toolbar-3.1-py3-none-any.whl", hash = "sha256:3ef1e3c6f0c35e6fb965fa455020c95bb1852822f2659046ae25f01852611395"},
]
django-environ = [
    {file = "django-environ-0.4.5.tar.gz", hash = "sha256:6c9d87660142608f63ec7d5ce5564c49b603ea8ff25da595fd6098f6dc82afde"},
    {file = "django_environ-0.4.5-py2.py3-none-any.whl", hash = "sha256:c57b3c11ec1f319d9474e3e5a79134f40174b17c7cc024bbb2fad84646b120c4"},
]
django-extensions = [
    {file = "django-extensions-3.0.9.tar.gz", hash = "sha256:6809c89ca952f0e08d4e0766bc0101dfaf508d7649aced1180c091d737046ea7"},
    {file = "django_extensions-3.0.9-py3-none-any.whl", hash = "sha256:dc663652ac9460fd06580a973576820430c6d428720e874ae46b041fa63e0efa"},
]
django-formset-js-improved = [
    {file = "django-formset-js-improved-0.5.0.2.tar.gz", hash = "sha256:251649ca389144728359b57d5845c601b3420fdafa2e4634668de614e14953ce"},
]
django-guardian = [
    {file = "django-guardian-2.3.0.tar.gz", hash = "sha256:ed2de26e4defb800919c5749fb1bbe370d72829fbd72895b6cf4f7f1a7607e1b"},
    {file = "django_guardian-2.3.0-py3-none-any.whl", hash = "sha256:0e70706c6cda88ddaf8849bddb525b8df49de05ba0798d4b3506049f0d95cbc8"},
]
django-ical = [
    {file = "django-ical-1.7.1.tar.gz", hash = "sha256:645344dda9611ca77dc3609f53b6e751bd89cc7d01f77adf1fd72838992b5579"},
    {file = "django_ical-1.7.1-py2.py3-none-any.whl", hash = "sha256:42bb51020f935342fe78f0202346a0775777811a4bdbc1c9c32bb8ec068d2f95"},
]
django-jquery-js = [
    {file = "django-jquery-js-3.1.1.tar.gz", hash = "sha256:308e6472801f89be7c02fa3d06bea6470cfbcab8287db80c64b1093717b8eea9"},
]
django-polymorphic = [
    {file = "django-polymorphic-3.0.0.tar.gz", hash = "sha256:9d886f19f031d26bb1391c055ed9be06fb226a04a4cec1842b372c58873b3caa"},
    {file = "django_polymorphic-3.0.0-py2.py3-none-any.whl", hash = "sha256:73b75eb44ea302bd32820f8661e469509d245ce7f7ff09cd2ad149e5c42034ff"},
]
django-recurrence = [
    {file = "django-recurrence-1.10.3.tar.gz", hash = "sha256:715f681f6af029ff3a8d73c7b1460abd8cbc5d5a5001efcb127032e84d9cb963"},
    {file = "django_recurrence-1.10.3-py3-none-any.whl", hash = "sha256:9053b44b78b7fbfe3530673edfdd6d2f562105f8a192bc6a4b906a3df4f95f59"},
]
django-select2 = [
    {file = "django-select2-7.4.2.tar.gz", hash = "sha256:9d3330fa0083a03fb69fceb5dcd2e78065cfd08e45c89d4fd727fce4673d3e08"},
    {file = "django_select2-7.4.2-py2.py3-none-any.whl", hash = "sha256:06531d563ce33c3133682ae2bb9e6d762103a863d0054ffef51bae8b4cfcca6c"},
]
django-webtest = [
    {file = "django-webtest-1.9.7.tar.gz", hash = "sha256:c5a1e486a3d8d3623aa615b6db2f27de848aa7079303a84721e9a685f839796c"},
    {file = "django_webtest-1.9.7-py2.py3-none-any.whl", hash = "sha256:b9b4b94670c0ce533efc456d02dd55a0d0a7a8f7912eb30728dca2d59d7948b4"},
]
filelock = [
    {file = "filelock-3.0.12-py3-none-any.whl", hash = "sha256:929b7d63ec5b7d6b71b0fa5ac14e030b3f70b75747cef1b10da9b879fef15836"},
    {file = "filelock-3.0.12.tar.gz", hash = "sha256:18d82244ee114f543149c66a6e0c14e9c4f8a1044b5cdaadd0f82159d6a6ff59"},
]
icalendar = [
    {file = "icalendar-4.0.7-py2.py3-none-any.whl", hash = "sha256:8c35be16c1d0581a276002af883297aeffa8116e366fdce4d5318e1424aa1903"},
    {file = "icalendar-4.0.7.tar.gz", hash = "sha256:0fc18d87f66e0b5da84fa731389496cfe18e4c21304e8f6713556b2e8724a7a4"},
]
identify = [
    {file = "identify-1.5.4-py2.py3-none-any.whl", hash = "sha256:d7da7de6825568daa4449858ce328ecc0e1ada2554d972a6f4f90e736aaf499a"},
    {file = "identify-1.5.4.tar.gz", hash = "sha256:e4db4796b3b0cf4f9cb921da51430abffff2d4ba7d7c521184ed5252bd90d461"},
]
iniconfig = [
    {file = "iniconfig-1.0.1-py3-none-any.whl", hash = "sha256:80cf40c597eb564e86346103f609d74efce0f6b4d4f30ec8ce9e2c26411ba437"},
    {file = "iniconfig-1.0.1.tar.gz", hash = "sha256:e5f92f89355a67de0595932a6c6c02ab4afddc6fcdc0bfc5becd0d60884d3f69"},
]
markdown = [
    {file = "Markdown-3.2.2-py3-none-any.whl", hash = "sha256:c467cd6233885534bf0fe96e62e3cf46cfc1605112356c4f9981512b8174de59"},
    {file = "Markdown-3.2.2.tar.gz", hash = "sha256:1fafe3f1ecabfb514a5285fca634a53c1b32a81cb0feb154264d55bf2ff22c17"},
]
more-itertools = [
    {file = "more-itertools-8.5.0.tar.gz", hash = "sha256:6f83822ae94818eae2612063a5101a7311e68ae8002005b5e05f03fd74a86a20"},
    {file = "more_itertools-8.5.0-py3-none-any.whl", hash = "sha256:9b30f12df9393f0d28af9210ff8efe48d10c94f73e5daf886f10c4b0b0b4f03c"},
]
mypy-extensions = [
    {file = "mypy_extensions-0.4.3-py2.py3-none-any.whl", hash = "sha256:090fedd75945a69ae91ce1303b5824f428daf5a028d2f6ab8a299250a846f15d"},
    {file = "mypy_extensions-0.4.3.tar.gz", hash = "sha256:2d82818f5bb3e369420cb3c4060a7970edba416647068eb4c5343488a6c604a8"},
]
nodeenv = [
    {file = "nodeenv-1.5.0-py2.py3-none-any.whl", hash = "sha256:5304d424c529c997bc888453aeaa6362d242b6b4631e90f3d4bf1b290f1c84a9"},
    {file = "nodeenv-1.5.0.tar.gz", hash = "sha256:ab45090ae383b716c4ef89e690c41ff8c2b257b85b309f01f3654df3d084bd7c"},
]
packaging = [
    {file = "packaging-20.4-py2.py3-none-any.whl", hash = "sha256:998416ba6962ae7fbd6596850b80e17859a5753ba17c32284f67bfff33784181"},
    {file = "packaging-20.4.tar.gz", hash = "sha256:4357f74f47b9c12db93624a82154e9b120fa8293699949152b22065d556079f8"},
]
pathspec = [
    {file = "pathspec-0.8.0-py2.py3-none-any.whl", hash = "sha256:7d91249d21749788d07a2d0f94147accd8f845507400749ea19c1ec9054a12b0"},
    {file = "pathspec-0.8.0.tar.gz", hash = "sha256:da45173eb3a6f2a5a487efba21f050af2b41948be6ab52b6a1e3ff22bb8b7061"},
]
pillow = [
    {file = "Pillow-7.2.0-cp35-cp35m-macosx_10_10_intel.whl", hash = "sha256:1ca594126d3c4def54babee699c055a913efb01e106c309fa6b04405d474d5ae"},
    {file = "Pillow-7.2.0-cp35-cp35m-manylinux1_i686.whl", hash = "sha256:c92302a33138409e8f1ad16731568c55c9053eee71bb05b6b744067e1b62380f"},
    {file = "Pillow-7.2.0-cp35-cp35m-manylinux1_x86_64.whl", hash = "sha256:8dad18b69f710bf3a001d2bf3afab7c432785d94fcf819c16b5207b1cfd17d38"},
    {file = "Pillow-7.2.0-cp35-cp35m-manylinux2014_aarch64.whl", hash = "sha256:431b15cffbf949e89df2f7b48528be18b78bfa5177cb3036284a5508159492b5"},
    {file = "Pillow-7.2.0-cp35-cp35m-win32.whl", hash = "sha256:09d7f9e64289cb40c2c8d7ad674b2ed6105f55dc3b09aa8e4918e20a0311e7ad"},
    {file = "Pillow-7.2.0-cp35-cp35m-win_amd64.whl", hash = "sha256:0295442429645fa16d05bd567ef5cff178482439c9aad0411d3f0ce9b88b3a6f"},
    {file = "Pillow-7.2.0-cp36-cp36m-macosx_10_10_x86_64.whl", hash = "sha256:ec29604081f10f16a7aea809ad42e27764188fc258b02259a03a8ff7ded3808d"},
    {file = "Pillow-7.2.0-cp36-cp36m-manylinux1_i686.whl", hash = "sha256:612cfda94e9c8346f239bf1a4b082fdd5c8143cf82d685ba2dba76e7adeeb233"},
    {file = "Pillow-7.2.0-cp36-cp36m-manylinux1_x86_64.whl", hash = "sha256:0a80dd307a5d8440b0a08bd7b81617e04d870e40a3e46a32d9c246e54705e86f"},
    {file = "Pillow-7.2.0-cp36-cp36m-manylinux2014_aarch64.whl", hash = "sha256:06aba4169e78c439d528fdeb34762c3b61a70813527a2c57f0540541e9f433a8"},
    {file = "Pillow-7.2.0-cp36-cp36m-win32.whl", hash = "sha256:f7e30c27477dffc3e85c2463b3e649f751789e0f6c8456099eea7ddd53be4a8a"},
    {file = "Pillow-7.2.0-cp36-cp36m-win_amd64.whl", hash = "sha256:ffe538682dc19cc542ae7c3e504fdf54ca7f86fb8a135e59dd6bc8627eae6cce"},
    {file = "Pillow-7.2.0-cp37-cp37m-macosx_10_10_x86_64.whl", hash = "sha256:94cf49723928eb6070a892cb39d6c156f7b5a2db4e8971cb958f7b6b104fb4c4"},
    {file = "Pillow-7.2.0-cp37-cp37m-manylinux1_i686.whl", hash = "sha256:6edb5446f44d901e8683ffb25ebdfc26988ee813da3bf91e12252b57ac163727"},
    {file = "Pillow-7.2.0-cp37-cp37m-manylinux1_x86_64.whl", hash = "sha256:52125833b070791fcb5710fabc640fc1df07d087fc0c0f02d3661f76c23c5b8b"},
    {file = "Pillow-7.2.0-cp37-cp37m-manylinux2014_aarch64.whl", hash = "sha256:9ad7f865eebde135d526bb3163d0b23ffff365cf87e767c649550964ad72785d"},
    {file = "Pillow-7.2.0-cp37-cp37m-win32.whl", hash = "sha256:c79f9c5fb846285f943aafeafda3358992d64f0ef58566e23484132ecd8d7d63"},
    {file = "Pillow-7.2.0-cp37-cp37m-win_amd64.whl", hash = "sha256:d350f0f2c2421e65fbc62690f26b59b0bcda1b614beb318c81e38647e0f673a1"},
    {file = "Pillow-7.2.0-cp38-cp38-macosx_10_10_x86_64.whl", hash = "sha256:6d7741e65835716ceea0fd13a7d0192961212fd59e741a46bbed7a473c634ed6"},
    {file = "Pillow-7.2.0-cp38-cp38-manylinux1_i686.whl", hash = "sha256:edf31f1150778abd4322444c393ab9c7bd2af271dd4dafb4208fb613b1f3cdc9"},
    {file = "Pillow-7.2.0-cp38-cp38-manylinux1_x86_64.whl", hash = "sha256:d08b23fdb388c0715990cbc06866db554e1822c4bdcf6d4166cf30ac82df8c41"},
    {file = "Pillow-7.2.0-cp38-cp38-manylinux2014_aarch64.whl", hash = "sha256:5e51ee2b8114def244384eda1c82b10e307ad9778dac5c83fb0943775a653cd8"},
    {file = "Pillow-7.2.0-cp38-cp38-win32.whl", hash = "sha256:725aa6cfc66ce2857d585f06e9519a1cc0ef6d13f186ff3447ab6dff0a09bc7f"},
    {file = "Pillow-7.2.0-cp38-cp38-win_amd64.whl", hash = "sha256:a060cf8aa332052df2158e5a119303965be92c3da6f2d93b6878f0ebca80b2f6"},
    {file = "Pillow-7.2.0-pp36-pypy36_pp73-macosx_10_10_x86_64.whl", hash = "sha256:9c87ef410a58dd54b92424ffd7e28fd2ec65d2f7fc02b76f5e9b2067e355ebf6"},
    {file = "Pillow-7.2.0-pp36-pypy36_pp73-manylinux2010_x86_64.whl", hash = "sha256:e901964262a56d9ea3c2693df68bc9860b8bdda2b04768821e4c44ae797de117"},
    {file = "Pillow-7.2.0-pp36-pypy36_pp73-win32.whl", hash = "sha256:25930fadde8019f374400f7986e8404c8b781ce519da27792cbe46eabec00c4d"},
    {file = "Pillow-7.2.0.tar.gz", hash = "sha256:97f9e7953a77d5a70f49b9a48da7776dc51e9b738151b22dacf101641594a626"},
]
pluggy = [
    {file = "pluggy-0.13.1-py2.py3-none-any.whl", hash = "sha256:966c145cd83c96502c3c3868f50408687b38434af77734af1e9ca461a4081d2d"},
    {file = "pluggy-0.13.1.tar.gz", hash = "sha256:15b2acde666561e1298d71b523007ed7364de07029219b604cf808bfa1c765b0"},
]
pre-commit = [
    {file = "pre_commit-2.7.1-py2.py3-none-any.whl", hash = "sha256:810aef2a2ba4f31eed1941fc270e72696a1ad5590b9751839c90807d0fff6b9a"},
    {file = "pre_commit-2.7.1.tar.gz", hash = "sha256:c54fd3e574565fe128ecc5e7d2f91279772ddb03f8729645fa812fe809084a70"},
]
py = [
    {file = "py-1.9.0-py2.py3-none-any.whl", hash = "sha256:366389d1db726cd2fcfc79732e75410e5fe4d31db13692115529d34069a043c2"},
    {file = "py-1.9.0.tar.gz", hash = "sha256:9ca6883ce56b4e8da7e79ac18787889fa5206c79dcc67fb065376cd2fe03f342"},
]
pyparsing = [
    {file = "pyparsing-2.4.7-py2.py3-none-any.whl", hash = "sha256:ef9d7589ef3c200abe66653d3f1ab1033c3c419ae9b9bdb1240a85b024efc88b"},
    {file = "pyparsing-2.4.7.tar.gz", hash = "sha256:c203ec8783bf771a155b207279b9bccb8dea02d8f0c9e5f8ead507bc3246ecc1"},
]
pytest = [
    {file = "pytest-6.0.2-py3-none-any.whl", hash = "sha256:0e37f61339c4578776e090c3b8f6b16ce4db333889d65d0efb305243ec544b40"},
    {file = "pytest-6.0.2.tar.gz", hash = "sha256:c8f57c2a30983f469bf03e68cdfa74dc474ce56b8f280ddcb080dfd91df01043"},
]
pytest-django = [
    {file = "pytest-django-3.10.0.tar.gz", hash = "sha256:4de6dbd077ed8606616958f77655fed0d5e3ee45159475671c7fa67596c6dba6"},
    {file = "pytest_django-3.10.0-py2.py3-none-any.whl", hash = "sha256:c33e3d3da14d8409b125d825d4e74da17bb252191bf6fc3da6856e27a8b73ea4"},
]
python-dateutil = [
    {file = "python-dateutil-2.8.1.tar.gz", hash = "sha256:73ebfe9dbf22e832286dafa60473e4cd239f8592f699aa5adaf10050e6e1823c"},
    {file = "python_dateutil-2.8.1-py2.py3-none-any.whl", hash = "sha256:75bb3f31ea686f1197762692a9ee6a7550b59fc6ca3a1f4b5d7e32fb98e2da2a"},
]
pytz = [
    {file = "pytz-2020.1-py2.py3-none-any.whl", hash = "sha256:a494d53b6d39c3c6e44c3bec237336e14305e4f29bbf800b599253057fbb79ed"},
    {file = "pytz-2020.1.tar.gz", hash = "sha256:c35965d010ce31b23eeb663ed3cc8c906275d6be1a34393a1d73a41febf4a048"},
]
pyyaml = [
    {file = "PyYAML-5.3.1-cp27-cp27m-win32.whl", hash = "sha256:74809a57b329d6cc0fdccee6318f44b9b8649961fa73144a98735b0aaf029f1f"},
    {file = "PyYAML-5.3.1-cp27-cp27m-win_amd64.whl", hash = "sha256:240097ff019d7c70a4922b6869d8a86407758333f02203e0fc6ff79c5dcede76"},
    {file = "PyYAML-5.3.1-cp35-cp35m-win32.whl", hash = "sha256:4f4b913ca1a7319b33cfb1369e91e50354d6f07a135f3b901aca02aa95940bd2"},
    {file = "PyYAML-5.3.1-cp35-cp35m-win_amd64.whl", hash = "sha256:cc8955cfbfc7a115fa81d85284ee61147059a753344bc51098f3ccd69b0d7e0c"},
    {file = "PyYAML-5.3.1-cp36-cp36m-win32.whl", hash = "sha256:7739fc0fa8205b3ee8808aea45e968bc90082c10aef6ea95e855e10abf4a37b2"},
    {file = "PyYAML-5.3.1-cp36-cp36m-win_amd64.whl", hash = "sha256:69f00dca373f240f842b2931fb2c7e14ddbacd1397d57157a9b005a6a9942648"},
    {file = "PyYAML-5.3.1-cp37-cp37m-win32.whl", hash = "sha256:d13155f591e6fcc1ec3b30685d50bf0711574e2c0dfffd7644babf8b5102ca1a"},
    {file = "PyYAML-5.3.1-cp37-cp37m-win_amd64.whl", hash = "sha256:73f099454b799e05e5ab51423c7bcf361c58d3206fa7b0d555426b1f4d9a3eaf"},
    {file = "PyYAML-5.3.1-cp38-cp38-win32.whl", hash = "sha256:06a0d7ba600ce0b2d2fe2e78453a470b5a6e000a985dd4a4e54e436cc36b0e97"},
    {file = "PyYAML-5.3.1-cp38-cp38-win_amd64.whl", hash = "sha256:95f71d2af0ff4227885f7a6605c37fd53d3a106fcab511b8860ecca9fcf400ee"},
    {file = "PyYAML-5.3.1.tar.gz", hash = "sha256:b8eac752c5e14d3eca0e6dd9199cd627518cb5ec06add0de9d32baeee6fe645d"},
]
regex = [
    {file = "regex-2020.7.14-cp27-cp27m-win32.whl", hash = "sha256:e46d13f38cfcbb79bfdb2964b0fe12561fe633caf964a77a5f8d4e45fe5d2ef7"},
    {file = "regex-2020.7.14-cp27-cp27m-win_amd64.whl", hash = "sha256:6961548bba529cac7c07af2fd4d527c5b91bb8fe18995fed6044ac22b3d14644"},
    {file = "regex-2020.7.14-cp36-cp36m-manylinux1_i686.whl", hash = "sha256:c50a724d136ec10d920661f1442e4a8b010a4fe5aebd65e0c2241ea41dbe93dc"},
    {file = "regex-2020.7.14-cp36-cp36m-manylinux1_x86_64.whl", hash = "sha256:8a51f2c6d1f884e98846a0a9021ff6861bdb98457879f412fdc2b42d14494067"},
    {file = "regex-2020.7.14-cp36-cp36m-manylinux2010_i686.whl", hash = "sha256:9c568495e35599625f7b999774e29e8d6b01a6fb684d77dee1f56d41b11b40cd"},
    {file = "regex-2020.7.14-cp36-cp36m-manylinux2010_x86_64.whl", hash = "sha256:51178c738d559a2d1071ce0b0f56e57eb315bcf8f7d4cf127674b533e3101f88"},
    {file = "regex-2020.7.14-cp36-cp36m-win32.whl", hash = "sha256:9eddaafb3c48e0900690c1727fba226c4804b8e6127ea409689c3bb492d06de4"},
    {file = "regex-2020.7.14-cp36-cp36m-win_amd64.whl", hash = "sha256:14a53646369157baa0499513f96091eb70382eb50b2c82393d17d7ec81b7b85f"},
    {file = "regex-2020.7.14-cp37-cp37m-manylinux1_i686.whl", hash = "sha256:1269fef3167bb52631ad4fa7dd27bf635d5a0790b8e6222065d42e91bede4162"},
    {file = "regex-2020.7.14-cp37-cp37m-manylinux1_x86_64.whl", hash = "sha256:d0a5095d52b90ff38592bbdc2644f17c6d495762edf47d876049cfd2968fbccf"},
    {file = "regex-2020.7.14-cp37-cp37m-manylinux2010_i686.whl", hash = "sha256:4c037fd14c5f4e308b8370b447b469ca10e69427966527edcab07f52d88388f7"},
    {file = "regex-2020.7.14-cp37-cp37m-manylinux2010_x86_64.whl", hash = "sha256:bc3d98f621898b4a9bc7fecc00513eec8f40b5b83913d74ccb445f037d58cd89"},
    {file = "regex-2020.7.14-cp37-cp37m-win32.whl", hash = "sha256:46bac5ca10fb748d6c55843a931855e2727a7a22584f302dd9bb1506e69f83f6"},
    {file = "regex-2020.7.14-cp37-cp37m-win_amd64.whl", hash = "sha256:0dc64ee3f33cd7899f79a8d788abfbec168410be356ed9bd30bbd3f0a23a7204"},
    {file = "regex-2020.7.14-cp38-cp38-manylinux1_i686.whl", hash = "sha256:5ea81ea3dbd6767873c611687141ec7b06ed8bab43f68fad5b7be184a920dc99"},
    {file = "regex-2020.7.14-cp38-cp38-manylinux1_x86_64.whl", hash = "sha256:bbb332d45b32df41200380fff14712cb6093b61bd142272a10b16778c418e98e"},
    {file = "regex-2020.7.14-cp38-cp38-manylinux2010_i686.whl", hash = "sha256:c11d6033115dc4887c456565303f540c44197f4fc1a2bfb192224a301534888e"},
    {file = "regex-2020.7.14-cp38-cp38-manylinux2010_x86_64.whl", hash = "sha256:75aaa27aa521a182824d89e5ab0a1d16ca207318a6b65042b046053cfc8ed07a"},
    {file = "regex-2020.7.14-cp38-cp38-win32.whl", hash = "sha256:d6cff2276e502b86a25fd10c2a96973fdb45c7a977dca2138d661417f3728341"},
    {file = "regex-2020.7.14-cp38-cp38-win_amd64.whl", hash = "sha256:7a2dd66d2d4df34fa82c9dc85657c5e019b87932019947faece7983f2089a840"},
    {file = "regex-2020.7.14.tar.gz", hash = "sha256:3a3af27a8d23143c49a3420efe5b3f8cf1a48c6fc8bc6856b03f638abc1833bb"},
]
reportlab = [
    {file = "reportlab-3.5.50-cp27-cp27m-macosx_10_9_x86_64.whl", hash = "sha256:c02fad5b9938d228915bab7d1300421911d930dd1ca7dd1349cbf28d1b39e082"},
    {file = "reportlab-3.5.50-cp27-cp27m-manylinux1_i686.whl", hash = "sha256:5461d0b12003b03a37d0e15f54987f27f6caeae72cb88b2d401689d89719a399"},
    {file = "reportlab-3.5.50-cp27-cp27m-manylinux1_x86_64.whl", hash = "sha256:d99f31f04365a2c99bb8ca5bf85cfc0491c1f09185acefce80332ee6ec803ccb"},
    {file = "reportlab-3.5.50-cp27-cp27m-manylinux2010_i686.whl", hash = "sha256:3f1108be8b7ae2ed209d816a2c4505f2f8eda5330abed513fb26ad6f4a986713"},
    {file = "reportlab-3.5.50-cp27-cp27m-manylinux2010_x86_64.whl", hash = "sha256:b9138dc27435efd4928c42740eae1be4899c48a9a585f3cd6e602b2291f4ac17"},
    {file = "reportlab-3.5.50-cp27-cp27m-win32.whl", hash = "sha256:8eeac2011c445a7a3888462b83913c5ca89511856377ec79b5260bc0ef63f44d"},
    {file = "reportlab-3.5.50-cp27-cp27m-win_amd64.whl", hash = "sha256:1d9a965c952f10c0244b44d9cdcbf50a711bdc166571c262e8f9f5762b797194"},
    {file = "reportlab-3.5.50-cp27-cp27mu-manylinux1_i686.whl", hash = "sha256:fc6de2ba9b871c57a2fbf06f6426240ebd6b5dd1be213e057fa0dd8397b9f4c3"},
    {file = "reportlab-3.5.50-cp27-cp27mu-manylinux1_x86_64.whl", hash = "sha256:0db6cf89b9aace90d5744b0deac6a1ece16607e2a8094069292714bef2ae087f"},
    {file = "reportlab-3.5.50-cp27-cp27mu-manylinux2010_i686.whl", hash = "sha256:f7bbf2fc0924802d2d684d0057a8a33d80028d1a7d89e3cea5c4071ad3bef4ba"},
    {file = "reportlab-3.5.50-cp27-cp27mu-manylinux2010_x86_64.whl", hash = "sha256:b58f84d6bfc2c2be2cf5fb1971b1e2533078a659508fc2d7b35ea15137d64c1c"},
    {file = "reportlab-3.5.50-cp35-cp35m-macosx_10_6_intel.whl", hash = "sha256:321675051212b59b8d238af21d5c9cd6d238e09954460b071baad17d1ccb5d41"},
    {file = "reportlab-3.5.50-cp35-cp35m-manylinux1_i686.whl", hash = "sha256:ed11d3571f480fd3f7ef04a8eab078f949ad34c0321d4d0fb5576f930b06ef54"},
    {file = "reportlab-3.5.50-cp35-cp35m-manylinux1_x86_64.whl", hash = "sha256:02df8b78dbc5e9d2bef0778277875c78012e22b80603c21e7212b75952bd0482"},
    {file = "reportlab-3.5.50-cp35-cp35m-manylinux2010_i686.whl", hash = "sha256:a296c609bc32a8c25dbbd491393273675fb9b27c5b4e00c868c6b8411aeaacb2"},
    {file = "reportlab-3.5.50-cp35-cp35m-manylinux2010_x86_64.whl", hash = "sha256:ef23e8a0322c6d9b61ef4ff7bfdc3be9ec4f9f1a60c8bce4d403b114b1397cdf"},
    {file = "reportlab-3.5.50-cp35-cp35m-win32.whl", hash = "sha256:16057a0b99fe2bd5a73955ed39f17a6dac84fb671406ed60a29d0a2dbc3cac1a"},
    {file = "reportlab-3.5.50-cp35-cp35m-win_amd64.whl", hash = "sha256:0adf5a76c76f29a94d38f8a73bcf41e479f4916bc4a63c30a080ff3e19508eec"},
    {file = "reportlab-3.5.50-cp36-cp36m-macosx_10_9_x86_64.whl", hash = "sha256:15ed5b4bd969115082916f205cc8302c1f5f9888bba3055bac0572d667824357"},
    {file = "reportlab-3.5.50-cp36-cp36m-manylinux1_i686.whl", hash = "sha256:2c9df51d63ef60248c8cbfe2a006b2c1212e79bf12717d981f0f79ec05632ffd"},
    {file = "reportlab-3.5.50-cp36-cp36m-manylinux1_x86_64.whl", hash = "sha256:0e839577cbc8d5830525f9b629861c26b058535477c55024f27ecea103ac0225"},
    {file = "reportlab-3.5.50-cp36-cp36m-manylinux2010_i686.whl", hash = "sha256:78038a837889860b7cded6523d909165a635afc56257c8577facbb8d06be8c69"},
    {file = "reportlab-3.5.50-cp36-cp36m-manylinux2010_x86_64.whl", hash = "sha256:1f298dca79132f53992d1dfa2f91a72bbb7459eae0b0d8ac75136b7a6ae5a285"},
    {file = "reportlab-3.5.50-cp36-cp36m-win32.whl", hash = "sha256:cfa386c5c0e0bff2488d1fc78cb94b546a0cab65f166ddd70dcd2622d484ad64"},
    {file = "reportlab-3.5.50-cp36-cp36m-win_amd64.whl", hash = "sha256:4023750bdc2f941e7a2fe5312c60c55af3aad57d30188acaaf25d343f76bb08c"},
    {file = "reportlab-3.5.50-cp37-cp37m-macosx_10_9_x86_64.whl", hash = "sha256:81404628753b441e2fae7a85dafb5c055da813f28f64cbd80b26d52600eac9dc"},
    {file = "reportlab-3.5.50-cp37-cp37m-manylinux1_i686.whl", hash = "sha256:42d5ef781b193375d1c4d15ab5a283ed8eeb37ff9d86d64de1e8a1419938d357"},
    {file = "reportlab-3.5.50-cp37-cp37m-manylinux1_x86_64.whl", hash = "sha256:8e7d66dfe14f5c82364c7af9bf2569f714b37e5a5d9837fece4b9ff5e4b5f085"},
    {file = "reportlab-3.5.50-cp37-cp37m-manylinux2010_i686.whl", hash = "sha256:f663883efa150c96d2bbc3d38f6308aee70c6ecd1465fa3eb85362391f54ed6e"},
    {file = "reportlab-3.5.50-cp37-cp37m-manylinux2010_x86_64.whl", hash = "sha256:4613a7920f52ed0b0a9a9eae506427c24cc99eb9d8f9f74e80147577adfc7efc"},
    {file = "reportlab-3.5.50-cp37-cp37m-win32.whl", hash = "sha256:fc8a06f3fd95672fc695e62285e5de90d51fa16b0d43199344c4d4030666f473"},
    {file = "reportlab-3.5.50-cp37-cp37m-win_amd64.whl", hash = "sha256:52cc245c23951d85ebc8dedb20a676e5cebe6ef748a5105fbe36123c40d544d4"},
    {file = "reportlab-3.5.50-cp38-cp38-macosx_10_9_x86_64.whl", hash = "sha256:641a3ac208ab18e064d3a3edb5974516e4d58520aa287954076ab5de09e29b32"},
    {file = "reportlab-3.5.50-cp38-cp38-manylinux1_i686.whl", hash = "sha256:eba9d00fca1bca91c65fa4ac417bb9caea4a04c74b2d2fb0fd493af75ebfcf81"},
    {file = "reportlab-3.5.50-cp38-cp38-manylinux1_x86_64.whl", hash = "sha256:f15a66d766df4d093604717ce44c358de3772828bc39f83d5c7c5bd0fc57cb56"},
    {file = "reportlab-3.5.50-cp38-cp38-manylinux2010_i686.whl", hash = "sha256:de7a872f77a468622396828afbbdbdadd330b08cbf517727ca97f0d0f9d87938"},
    {file = "reportlab-3.5.50-cp38-cp38-manylinux2010_x86_64.whl", hash = "sha256:e80fa6e7d4be9f5c63c777d19c57eb9c7061a881b504b404e5f9d604c52a759c"},
    {file = "reportlab-3.5.50-cp38-cp38-win32.whl", hash = "sha256:5d593977625a07af9a05574e884f86cc3b6163b3287bd5590c366e9fdbc32978"},
    {file = "reportlab-3.5.50-cp38-cp38-win_amd64.whl", hash = "sha256:9fcf3fedb0af9690533ff437eea8483a145e4242e5d36537240f9c430e2be66e"},
    {file = "reportlab-3.5.50.tar.gz", hash = "sha256:876ce59164245f62bf67b8502e127b0a3ffd40f37c7177d1b4d9da24e42a77b0"},
]
six = [
    {file = "six-1.15.0-py2.py3-none-any.whl", hash = "sha256:8b74bedcbbbaca38ff6d7491d76f2b06b3592611af620f8426e82dddb04a5ced"},
    {file = "six-1.15.0.tar.gz", hash = "sha256:30639c035cdb23534cd4aa2dd52c3bf48f06e5f4a941509c8bafd8ce11080259"},
]
soupsieve = [
    {file = "soupsieve-1.9.6-py2.py3-none-any.whl", hash = "sha256:feb1e937fa26a69e08436aad4a9037cd7e1d4c7212909502ba30701247ff8abd"},
    {file = "soupsieve-1.9.6.tar.gz", hash = "sha256:7985bacc98c34923a439967c1a602dc4f1e15f923b6fcf02344184f86cc7efaa"},
]
sqlparse = [
    {file = "sqlparse-0.3.1-py2.py3-none-any.whl", hash = "sha256:022fb9c87b524d1f7862b3037e541f68597a730a8843245c349fc93e1643dc4e"},
    {file = "sqlparse-0.3.1.tar.gz", hash = "sha256:e162203737712307dfe78860cc56c8da8a852ab2ee33750e33aeadf38d12c548"},
]
toml = [
    {file = "toml-0.10.1-py2.py3-none-any.whl", hash = "sha256:bda89d5935c2eac546d648028b9901107a595863cb36bae0c73ac804a9b4ce88"},
    {file = "toml-0.10.1.tar.gz", hash = "sha256:926b612be1e5ce0634a2ca03470f95169cf16f939018233a670519cb4ac58b0f"},
]
typed-ast = [
    {file = "typed_ast-1.4.1-cp35-cp35m-manylinux1_i686.whl", hash = "sha256:73d785a950fc82dd2a25897d525d003f6378d1cb23ab305578394694202a58c3"},
    {file = "typed_ast-1.4.1-cp35-cp35m-manylinux1_x86_64.whl", hash = "sha256:aaee9905aee35ba5905cfb3c62f3e83b3bec7b39413f0a7f19be4e547ea01ebb"},
    {file = "typed_ast-1.4.1-cp35-cp35m-win32.whl", hash = "sha256:0c2c07682d61a629b68433afb159376e24e5b2fd4641d35424e462169c0a7919"},
    {file = "typed_ast-1.4.1-cp35-cp35m-win_amd64.whl", hash = "sha256:4083861b0aa07990b619bd7ddc365eb7fa4b817e99cf5f8d9cf21a42780f6e01"},
    {file = "typed_ast-1.4.1-cp36-cp36m-macosx_10_9_x86_64.whl", hash = "sha256:269151951236b0f9a6f04015a9004084a5ab0d5f19b57de779f908621e7d8b75"},
    {file = "typed_ast-1.4.1-cp36-cp36m-manylinux1_i686.whl", hash = "sha256:24995c843eb0ad11a4527b026b4dde3da70e1f2d8806c99b7b4a7cf491612652"},
    {file = "typed_ast-1.4.1-cp36-cp36m-manylinux1_x86_64.whl", hash = "sha256:fe460b922ec15dd205595c9b5b99e2f056fd98ae8f9f56b888e7a17dc2b757e7"},
    {file = "typed_ast-1.4.1-cp36-cp36m-win32.whl", hash = "sha256:4e3e5da80ccbebfff202a67bf900d081906c358ccc3d5e3c8aea42fdfdfd51c1"},
    {file = "typed_ast-1.4.1-cp36-cp36m-win_amd64.whl", hash = "sha256:249862707802d40f7f29f6e1aad8d84b5aa9e44552d2cc17384b209f091276aa"},
    {file = "typed_ast-1.4.1-cp37-cp37m-macosx_10_9_x86_64.whl", hash = "sha256:8ce678dbaf790dbdb3eba24056d5364fb45944f33553dd5869b7580cdbb83614"},
    {file = "typed_ast-1.4.1-cp37-cp37m-manylinux1_i686.whl", hash = "sha256:c9e348e02e4d2b4a8b2eedb48210430658df6951fa484e59de33ff773fbd4b41"},
    {file = "typed_ast-1.4.1-cp37-cp37m-manylinux1_x86_64.whl", hash = "sha256:bcd3b13b56ea479b3650b82cabd6b5343a625b0ced5429e4ccad28a8973f301b"},
    {file = "typed_ast-1.4.1-cp37-cp37m-win32.whl", hash = "sha256:d5d33e9e7af3b34a40dc05f498939f0ebf187f07c385fd58d591c533ad8562fe"},
    {file = "typed_ast-1.4.1-cp37-cp37m-win_amd64.whl", hash = "sha256:0666aa36131496aed8f7be0410ff974562ab7eeac11ef351def9ea6fa28f6355"},
    {file = "typed_ast-1.4.1-cp38-cp38-macosx_10_15_x86_64.whl", hash = "sha256:d205b1b46085271b4e15f670058ce182bd1199e56b317bf2ec004b6a44f911f6"},
    {file = "typed_ast-1.4.1-cp38-cp38-manylinux1_i686.whl", hash = "sha256:6daac9731f172c2a22ade6ed0c00197ee7cc1221aa84cfdf9c31defeb059a907"},
    {file = "typed_ast-1.4.1-cp38-cp38-manylinux1_x86_64.whl", hash = "sha256:498b0f36cc7054c1fead3d7fc59d2150f4d5c6c56ba7fb150c013fbc683a8d2d"},
    {file = "typed_ast-1.4.1-cp38-cp38-win32.whl", hash = "sha256:715ff2f2df46121071622063fc7543d9b1fd19ebfc4f5c8895af64a77a8c852c"},
    {file = "typed_ast-1.4.1-cp38-cp38-win_amd64.whl", hash = "sha256:fc0fea399acb12edbf8a628ba8d2312f583bdbdb3335635db062fa98cf71fca4"},
    {file = "typed_ast-1.4.1-cp39-cp39-macosx_10_15_x86_64.whl", hash = "sha256:d43943ef777f9a1c42bf4e552ba23ac77a6351de620aa9acf64ad54933ad4d34"},
    {file = "typed_ast-1.4.1.tar.gz", hash = "sha256:8c8aaad94455178e3187ab22c8b01a3837f8ee50e09cf31f1ba129eb293ec30b"},
]
typing-extensions = [
    {file = "typing_extensions-3.7.4.3-py2-none-any.whl", hash = "sha256:dafc7639cde7f1b6e1acc0f457842a83e722ccca8eef5270af2d74792619a89f"},
    {file = "typing_extensions-3.7.4.3-py3-none-any.whl", hash = "sha256:7cb407020f00f7bfc3cb3e7881628838e69d8f3fcab2f64742a5e76b2f841918"},
    {file = "typing_extensions-3.7.4.3.tar.gz", hash = "sha256:99d4073b617d30288f569d3f13d2bd7548c3a7e4c8de87db09a9d29bb3a4a60c"},
]
virtualenv = [
    {file = "virtualenv-20.0.31-py2.py3-none-any.whl", hash = "sha256:e0305af10299a7fb0d69393d8f04cb2965dda9351140d11ac8db4e5e3970451b"},
    {file = "virtualenv-20.0.31.tar.gz", hash = "sha256:43add625c53c596d38f971a465553f6318decc39d98512bc100fa1b1e839c8dc"},
]
waitress = [
    {file = "waitress-1.4.4-py2.py3-none-any.whl", hash = "sha256:3d633e78149eb83b60a07dfabb35579c29aac2d24bb803c18b26fb2ab1a584db"},
    {file = "waitress-1.4.4.tar.gz", hash = "sha256:1bb436508a7487ac6cb097ae7a7fe5413aefca610550baf58f0940e51ecfb261"},
]
webencodings = [
    {file = "webencodings-0.5.1-py2.py3-none-any.whl", hash = "sha256:a0af1213f3c2226497a97e2b3aa01a7e4bee4f403f95be16fc9acd2947514a78"},
    {file = "webencodings-0.5.1.tar.gz", hash = "sha256:b36a1c245f2d304965eb4e0a82848379241dc04b865afcc4aab16748587e1923"},
]
webob = [
    {file = "WebOb-1.8.6-py2.py3-none-any.whl", hash = "sha256:a3c89a8e9ba0aeb17382836cdb73c516d0ecf6630ec40ec28288f3ed459ce87b"},
    {file = "WebOb-1.8.6.tar.gz", hash = "sha256:aa3a917ed752ba3e0b242234b2a373f9c4e2a75d35291dcbe977649bd21fd108"},
]
webtest = [
    {file = "WebTest-2.0.35-py2.py3-none-any.whl", hash = "sha256:44ddfe99b5eca4cf07675e7222c81dd624d22f9a26035d2b93dc8862dc1153c6"},
    {file = "WebTest-2.0.35.tar.gz", hash = "sha256:aac168b5b2b4f200af4e35867cf316712210e3d5db81c1cbdff38722647bb087"},
]
